
Microsoft Visual Studio Solution File, Format Version 12.00
# Visual Studio 15
VisualStudioVersion = 15.0.28010.2050
MinimumVisualStudioVersion = 10.0.40219.1
Project("{FAE04EC0-301F-11D3-BF4B-00C04F79EFBC}") = "TodoApi", "TodoApi\TodoApi.csproj", "{798C3E99-8335-4065-95EC-6FB820AD7A87}"
EndProject
Global
	GlobalSection(SolutionConfigurationPlatforms) = preSolution
		Debug|Any CPU = Debug|Any CPU
		Release|Any CPU = Release|Any CPU
	EndGlobalSection
	GlobalSection(ProjectConfigurationPlatforms) = postSolution
		{798C3E99-8335-4065-95EC-6FB820AD7A87}.Debug|Any CPU.ActiveCfg = Debug|Any CPU
		{798C3E99-8335-4065-95EC-6FB820AD7A87}.Debug|Any CPU.Build.0 = Debug|Any CPU
		{798C3E99-8335-4065-95EC-6FB820AD7A87}.Release|Any CPU.ActiveCfg = Release|Any CPU
		{798C3E99-8335-4065-95EC-6FB820AD7A87}.Release|Any CPU.Build.0 = Release|Any CPU
	EndGlobalSection
	GlobalSection(SolutionProperties) = preSolution
		HideSolutionNode = FALSE
	EndGlobalSection
	GlobalSection(ExtensibilityGlobals) = postSolution
		SolutionGuid = {C3B36C8D-9A0A-4C1B-A03E-6E420F49BB0A}
	EndGlobalSection
EndGlobal
